
Microsoft Visual Studio Solution File, Format Version 12.00
# Visual Studio Version 17
VisualStudioVersion = 17.14.36414.22 d17.14
MinimumVisualStudioVersion = 10.0.40219.1
Project("{FAE04EC0-301F-11D3-BF4B-00C04F79EFBC}") = "School.Api", "School.Api\School.Api.csproj", "{039DD3FF-47C2-4B32-ADF8-E85F03945DF3}"
EndProject
Global
	GlobalSection(SolutionConfigurationPlatforms) = preSolution
		Debug|Any CPU = Debug|Any CPU
		Release|Any CPU = Release|Any CPU
	EndGlobalSection
	GlobalSection(ProjectConfigurationPlatforms) = postSolution
		{039DD3FF-47C2-4B32-ADF8-E85F03945DF3}.Debug|Any CPU.ActiveCfg = Debug|Any CPU
		{039DD3FF-47C2-4B32-ADF8-E85F03945DF3}.Debug|Any CPU.Build.0 = Debug|Any CPU
		{039DD3FF-47C2-4B32-ADF8-E85F03945DF3}.Release|Any CPU.ActiveCfg = Release|Any CPU
		{039DD3FF-47C2-4B32-ADF8-E85F03945DF3}.Release|Any CPU.Build.0 = Release|Any CPU
	EndGlobalSection
	GlobalSection(SolutionProperties) = preSolution
		HideSolutionNode = FALSE
	EndGlobalSection
	GlobalSection(ExtensibilityGlobals) = postSolution
		SolutionGuid = {75079CE5-6290-471F-BC41-30A3783996B4}
	EndGlobalSection
EndGlobal
